// !$*UTF8*$!
{
	archiveVersion = 1;
	classes = {
	};
	objectVersion = 56;
	objects = {

/* Begin PBXBuildFile section */
		72908D442B90CB790017D1D5 /* AppDelegate.swift in Sources */ = {isa = PBXBuildFile; fileRef = 72908D432B90CB790017D1D5 /* AppDelegate.swift */; };
		72908D462B90CB790017D1D5 /* SceneDelegate.swift in Sources */ = {isa = PBXBuildFile; fileRef = 72908D452B90CB790017D1D5 /* SceneDelegate.swift */; };
		72908D482B90CB790017D1D5 /* SaladMenuViewController.swift in Sources */ = {isa = PBXBuildFile; fileRef = 72908D472B90CB790017D1D5 /* SaladMenuViewController.swift */; };
		72908D4D2B90CB7E0017D1D5 /* Assets.xcassets in Resources */ = {isa = PBXBuildFile; fileRef = 72908D4C2B90CB7E0017D1D5 /* Assets.xcassets */; };
		72908D502B90CB7E0017D1D5 /* LaunchScreen.storyboard in Resources */ = {isa = PBXBuildFile; fileRef = 72908D4E2B90CB7E0017D1D5 /* LaunchScreen.storyboard */; };
		72908D592B90CC380017D1D5 /* MakerView.swift in Sources */ = {isa = PBXBuildFile; fileRef = 72908D582B90CC380017D1D5 /* MakerView.swift */; };
		72908D5D2B90CC650017D1D5 /* Color.swift in Sources */ = {isa = PBXBuildFile; fileRef = 72908D5C2B90CC650017D1D5 /* Color.swift */; };
		72908D612B90CC7C0017D1D5 /* Font.swift in Sources */ = {isa = PBXBuildFile; fileRef = 72908D602B90CC7C0017D1D5 /* Font.swift */; };
		72908D642B90F5430017D1D5 /* Urbanist-Medium.ttf in Resources */ = {isa = PBXBuildFile; fileRef = 72908D632B90F5430017D1D5 /* Urbanist-Medium.ttf */; };
		72908D682B918C400017D1D5 /* SimpleCollectionViewCell.swift in Sources */ = {isa = PBXBuildFile; fileRef = 72908D672B918C400017D1D5 /* SimpleCollectionViewCell.swift */; };
		72908D6D2B9197B40017D1D5 /* Model.swift in Sources */ = {isa = PBXBuildFile; fileRef = 72908D6C2B9197B40017D1D5 /* Model.swift */; };
/* End PBXBuildFile section */

/* Begin PBXFileReference section */
		72908D402B90CB790017D1D5 /* 4hw6.app */ = {isa = PBXFileReference; explicitFileType = wrapper.application; includeInIndex = 0; path = 4hw6.app; sourceTree = BUILT_PRODUCTS_DIR; };
		72908D432B90CB790017D1D5 /* AppDelegate.swift */ = {isa = PBXFileReference; lastKnownFileType = sourcecode.swift; path = AppDelegate.swift; sourceTree = "<group>"; };
		72908D452B90CB790017D1D5 /* SceneDelegate.swift */ = {isa = PBXFileReference; lastKnownFileType = sourcecode.swift; path = SceneDelegate.swift; sourceTree = "<group>"; };
		72908D472B90CB790017D1D5 /* SaladMenuViewController.swift */ = {isa = PBXFileReference; lastKnownFileType = sourcecode.swift; path = SaladMenuViewController.swift; sourceTree = "<group>"; };
		72908D4C2B90CB7E0017D1D5 /* Assets.xcassets */ = {isa = PBXFileReference; lastKnownFileType = folder.assetcatalog; path = Assets.xcassets; sourceTree = "<group>"; };
		72908D4F2B90CB7E0017D1D5 /* Base */ = {isa = PBXFileReference; lastKnownFileType = file.storyboard; name = Base; path = Base.lproj/LaunchScreen.storyboard; sourceTree = "<group>"; };
		72908D512B90CB7E0017D1D5 /* Info.plist */ = {isa = PBXFileReference; lastKnownFileType = text.plist.xml; path = Info.plist; sourceTree = "<group>"; };
		72908D582B90CC380017D1D5 /* MakerView.swift */ = {isa = PBXFileReference; lastKnownFileType = sourcecode.swift; path = MakerView.swift; sourceTree = "<group>"; };
		72908D5C2B90CC650017D1D5 /* Color.swift */ = {isa = PBXFileReference; lastKnownFileType = sourcecode.swift; path = Color.swift; sourceTree = "<group>"; };
		72908D602B90CC7C0017D1D5 /* Font.swift */ = {isa = PBXFileReference; lastKnownFileType = sourcecode.swift; path = Font.swift; sourceTree = "<group>"; };
		72908D622B90F5380017D1D5 /* Urbanist-Bold.ttf */ = {isa = PBXFileReference; lastKnownFileType = file; name = "Urbanist-Bold.ttf"; path = "../../../../resources/fonts/Urbanist/static/Urbanist-Bold.ttf"; sourceTree = "<group>"; };
		72908D632B90F5430017D1D5 /* Urbanist-Medium.ttf */ = {isa = PBXFileReference; lastKnownFileType = file; name = "Urbanist-Medium.ttf"; path = "../../../../resources/fonts/Urbanist/static/Urbanist-Medium.ttf"; sourceTree = "<group>"; };
		72908D652B90F5530017D1D5 /* Urbanist-SemiBold.ttf */ = {isa = PBXFileReference; lastKnownFileType = file; name = "Urbanist-SemiBold.ttf"; path = "../../../../resources/fonts/Urbanist/static/Urbanist-SemiBold.ttf"; sourceTree = "<group>"; };
		72908D662B90F5530017D1D5 /* Urbanist-Regular.ttf */ = {isa = PBXFileReference; lastKnownFileType = file; name = "Urbanist-Regular.ttf"; path = "../../../../resources/fonts/Urbanist/static/Urbanist-Regular.ttf"; sourceTree = "<group>"; };
		72908D672B918C400017D1D5 /* SimpleCollectionViewCell.swift */ = {isa = PBXFileReference; lastKnownFileType = sourcecode.swift; path = SimpleCollectionViewCell.swift; sourceTree = "<group>"; };
		72908D6C2B9197B40017D1D5 /* Model.swift */ = {isa = PBXFileReference; lastKnownFileType = sourcecode.swift; path = Model.swift; sourceTree = "<group>"; };
/* End PBXFileReference section */

/* Begin PBXFrameworksBuildPhase section */
		72908D3D2B90CB790017D1D5 /* Frameworks */ = {
			isa = PBXFrameworksBuildPhase;
			buildActionMask = 2147483647;
			files = (
			);
			runOnlyForDeploymentPostprocessing = 0;
		};
/* End PBXFrameworksBuildPhase section */

/* Begin PBXGroup section */
		72908D372B90CB790017D1D5 = {
			isa = PBXGroup;
			children = (
				72908D422B90CB790017D1D5 /* 4hw6 */,
				72908D412B90CB790017D1D5 /* Products */,
			);
			sourceTree = "<group>";
		};
		72908D412B90CB790017D1D5 /* Products */ = {
			isa = PBXGroup;
			children = (
				72908D402B90CB790017D1D5 /* 4hw6.app */,
			);
			name = Products;
			sourceTree = "<group>";
		};
		72908D422B90CB790017D1D5 /* 4hw6 */ = {
			isa = PBXGroup;
			children = (
				72908D572B90CBEA0017D1D5 /* AppDelegate */,
				72908D692B91911E0017D1D5 /* CollectionViewCell */,
				72908D6E2B91A7920017D1D5 /* Controllers */,
				72908D6B2B91979F0017D1D5 /* Model */,
				72908D5A2B90CC4C0017D1D5 /* Helpers */,
				72908D5B2B90CC560017D1D5 /* Resources */,
				72908D4E2B90CB7E0017D1D5 /* LaunchScreen.storyboard */,
				72908D512B90CB7E0017D1D5 /* Info.plist */,
			);
			path = 4hw6;
			sourceTree = "<group>";
		};
		72908D572B90CBEA0017D1D5 /* AppDelegate */ = {
			isa = PBXGroup;
			children = (
				72908D432B90CB790017D1D5 /* AppDelegate.swift */,
				72908D452B90CB790017D1D5 /* SceneDelegate.swift */,
			);
			path = AppDelegate;
			sourceTree = "<group>";
		};
		72908D5A2B90CC4C0017D1D5 /* Helpers */ = {
			isa = PBXGroup;
			children = (
				72908D582B90CC380017D1D5 /* MakerView.swift */,
			);
			path = Helpers;
			sourceTree = "<group>";
		};
		72908D5B2B90CC560017D1D5 /* Resources */ = {
			isa = PBXGroup;
			children = (
				72908D4C2B90CB7E0017D1D5 /* Assets.xcassets */,
				72908D5F2B90CC700017D1D5 /* Fonts */,
				72908D5E2B90CC680017D1D5 /* Color */,
			);
			path = Resources;
			sourceTree = "<group>";
		};
		72908D5E2B90CC680017D1D5 /* Color */ = {
			isa = PBXGroup;
			children = (
				72908D5C2B90CC650017D1D5 /* Color.swift */,
			);
			path = Color;
			sourceTree = "<group>";
		};
		72908D5F2B90CC700017D1D5 /* Fonts */ = {
			isa = PBXGroup;
			children = (
				72908D622B90F5380017D1D5 /* Urbanist-Bold.ttf */,
				72908D632B90F5430017D1D5 /* Urbanist-Medium.ttf */,
				72908D662B90F5530017D1D5 /* Urbanist-Regular.ttf */,
				72908D652B90F5530017D1D5 /* Urbanist-SemiBold.ttf */,
				72908D602B90CC7C0017D1D5 /* Font.swift */,
			);
			path = Fonts;
			sourceTree = "<group>";
		};
		72908D692B91911E0017D1D5 /* CollectionViewCell */ = {
			isa = PBXGroup;
			children = (
				72908D672B918C400017D1D5 /* SimpleCollectionViewCell.swift */,
			);
			path = CollectionViewCell;
			sourceTree = "<group>";
		};
		72908D6B2B91979F0017D1D5 /* Model */ = {
			isa = PBXGroup;
			children = (
				72908D6C2B9197B40017D1D5 /* Model.swift */,
			);
			path = Model;
			sourceTree = "<group>";
		};
		72908D6E2B91A7920017D1D5 /* Controllers */ = {
			isa = PBXGroup;
			children = (
				72908D472B90CB790017D1D5 /* SaladMenuViewController.swift */,
			);
			path = Controllers;
			sourceTree = "<group>";
		};
/* End PBXGroup section */

/* Begin PBXNativeTarget section */
		72908D3F2B90CB790017D1D5 /* 4hw6 */ = {
			isa = PBXNativeTarget;
			buildConfigurationList = 72908D542B90CB7E0017D1D5 /* Build configuration list for PBXNativeTarget "4hw6" */;
			buildPhases = (
				72908D3C2B90CB790017D1D5 /* Sources */,
				72908D3D2B90CB790017D1D5 /* Frameworks */,
				72908D3E2B90CB790017D1D5 /* Resources */,
			);
			buildRules = (
			);
			dependencies = (
			);
			name = 4hw6;
			productName = 4hw6;
			productReference = 72908D402B90CB790017D1D5 /* 4hw6.app */;
			productType = "com.apple.product-type.application";
		};
/* End PBXNativeTarget section */

/* Begin PBXProject section */
		72908D382B90CB790017D1D5 /* Project object */ = {
			isa = PBXProject;
			attributes = {
				BuildIndependentTargetsInParallel = 1;
				LastSwiftUpdateCheck = 1520;
				LastUpgradeCheck = 1520;
				TargetAttributes = {
					72908D3F2B90CB790017D1D5 = {
						CreatedOnToolsVersion = 15.2;
					};
				};
			};
			buildConfigurationList = 72908D3B2B90CB790017D1D5 /* Build configuration list for PBXProject "4hw6" */;
			compatibilityVersion = "Xcode 14.0";
			developmentRegion = en;
			hasScannedForEncodings = 0;
			knownRegions = (
				en,
				Base,
			);
			mainGroup = 72908D372B90CB790017D1D5;
			productRefGroup = 72908D412B90CB790017D1D5 /* Products */;
			projectDirPath = "";
			projectRoot = "";
			targets = (
				72908D3F2B90CB790017D1D5 /* 4hw6 */,
			);
		};
/* End PBXProject section */

/* Begin PBXResourcesBuildPhase section */
		72908D3E2B90CB790017D1D5 /* Resources */ = {
			isa = PBXResourcesBuildPhase;
			buildActionMask = 2147483647;
			files = (
				72908D502B90CB7E0017D1D5 /* LaunchScreen.storyboard in Resources */,
				72908D642B90F5430017D1D5 /* Urbanist-Medium.ttf in Resources */,
				72908D4D2B90CB7E0017D1D5 /* Assets.xcassets in Resources */,
			);
			runOnlyForDeploymentPostprocessing = 0;
		};
/* End PBXResourcesBuildPhase section */

/* Begin PBXSourcesBuildPhase section */
		72908D3C2B90CB790017D1D5 /* Sources */ = {
			isa = PBXSourcesBuildPhase;
			buildActionMask = 2147483647;
			files = (
				72908D482B90CB790017D1D5 /* SaladMenuViewController.swift in Sources */,
				72908D592B90CC380017D1D5 /* MakerView.swift in Sources */,
				72908D612B90CC7C0017D1D5 /* Font.swift in Sources */,
				72908D442B90CB790017D1D5 /* AppDelegate.swift in Sources */,
				72908D5D2B90CC650017D1D5 /* Color.swift in Sources */,
				72908D462B90CB790017D1D5 /* SceneDelegate.swift in Sources */,
				72908D682B918C400017D1D5 /* SimpleCollectionViewCell.swift in Sources */,
				72908D6D2B9197B40017D1D5 /* Model.swift in Sources */,
			);
			runOnlyForDeploymentPostprocessing = 0;
		};
/* End PBXSourcesBuildPhase section */

/* Begin PBXVariantGroup section */
		72908D4E2B90CB7E0017D1D5 /* LaunchScreen.storyboard */ = {
			isa = PBXVariantGroup;
			children = (
				72908D4F2B90CB7E0017D1D5 /* Base */,
			);
			name = LaunchScreen.storyboard;
			sourceTree = "<group>";
		};
/* End PBXVariantGroup section */

/* Begin XCBuildConfiguration section */
		72908D522B90CB7E0017D1D5 /* Debug */ = {
			isa = XCBuildConfiguration;
			buildSettings = {
				ALWAYS_SEARCH_USER_PATHS = NO;
				ASSETCATALOG_COMPILER_GENERATE_SWIFT_ASSET_SYMBOL_EXTENSIONS = YES;
				CLANG_ANALYZER_NONNULL = YES;
				CLANG_ANALYZER_NUMBER_OBJECT_CONVERSION = YES_AGGRESSIVE;
				CLANG_CXX_LANGUAGE_STANDARD = "gnu++20";
				CLANG_ENABLE_MODULES = YES;
				CLANG_ENABLE_OBJC_ARC = YES;
				CLANG_ENABLE_OBJC_WEAK = YES;
				CLANG_WARN_BLOCK_CAPTURE_AUTORELEASING = YES;
				CLANG_WARN_BOOL_CONVERSION = YES;
				CLANG_WARN_COMMA = YES;
				CLANG_WARN_CONSTANT_CONVERSION = YES;
				CLANG_WARN_DEPRECATED_OBJC_IMPLEMENTATIONS = YES;
				CLANG_WARN_DIRECT_OBJC_ISA_USAGE = YES_ERROR;
				CLANG_WARN_DOCUMENTATION_COMMENTS = YES;
				CLANG_WARN_EMPTY_BODY = YES;
				CLANG_WARN_ENUM_CONVERSION = YES;
				CLANG_WARN_INFINITE_RECURSION = YES;
				CLANG_WARN_INT_CONVERSION = YES;
				CLANG_WARN_NON_LITERAL_NULL_CONVERSION = YES;
				CLANG_WARN_OBJC_IMPLICIT_RETAIN_SELF = YES;
				CLANG_WARN_OBJC_LITERAL_CONVERSION = YES;
				CLANG_WARN_OBJC_ROOT_CLASS = YES_ERROR;
				CLANG_WARN_QUOTED_INCLUDE_IN_FRAMEWORK_HEADER = YES;
				CLANG_WARN_RANGE_LOOP_ANALYSIS = YES;
				CLANG_WARN_STRICT_PROTOTYPES = YES;
				CLANG_WARN_SUSPICIOUS_MOVE = YES;
				CLANG_WARN_UNGUARDED_AVAILABILITY = YES_AGGRESSIVE;
				CLANG_WARN_UNREACHABLE_CODE = YES;
				CLANG_WARN__DUPLICATE_METHOD_MATCH = YES;
				COPY_PHASE_STRIP = NO;
				DEBUG_INFORMATION_FORMAT = dwarf;
				ENABLE_STRICT_OBJC_MSGSEND = YES;
				ENABLE_TESTABILITY = YES;
				ENABLE_USER_SCRIPT_SANDBOXING = YES;
				GCC_C_LANGUAGE_STANDARD = gnu17;
				GCC_DYNAMIC_NO_PIC = NO;
				GCC_NO_COMMON_BLOCKS = YES;
				GCC_OPTIMIZATION_LEVEL = 0;
				GCC_PREPROCESSOR_DEFINITIONS = (
					"DEBUG=1",
					"$(inherited)",
				);
				GCC_WARN_64_TO_32_BIT_CONVERSION = YES;
				GCC_WARN_ABOUT_RETURN_TYPE = YES_ERROR;
				GCC_WARN_UNDECLARED_SELECTOR = YES;
				GCC_WARN_UNINITIALIZED_AUTOS = YES_AGGRESSIVE;
				GCC_WARN_UNUSED_FUNCTION = YES;
				GCC_WARN_UNUSED_VARIABLE = YES;
				IPHONEOS_DEPLOYMENT_TARGET = 17.2;
				LOCALIZATION_PREFERS_STRING_CATALOGS = YES;
				MTL_ENABLE_DEBUG_INFO = INCLUDE_SOURCE;
				MTL_FAST_MATH = YES;
				ONLY_ACTIVE_ARCH = YES;
				SDKROOT = iphoneos;
				SWIFT_ACTIVE_COMPILATION_CONDITIONS = "DEBUG $(inherited)";
				SWIFT_OPTIMIZATION_LEVEL = "-Onone";
			};
			name = Debug;
		};
		72908D532B90CB7E0017D1D5 /* Release */ = {
			isa = XCBuildConfiguration;
			buildSettings = {
				ALWAYS_SEARCH_USER_PATHS = NO;
				ASSETCATALOG_COMPILER_GENERATE_SWIFT_ASSET_SYMBOL_EXTENSIONS = YES;
				CLANG_ANALYZER_NONNULL = YES;
				CLANG_ANALYZER_NUMBER_OBJECT_CONVERSION = YES_AGGRESSIVE;
				CLANG_CXX_LANGUAGE_STANDARD = "gnu++20";
				CLANG_ENABLE_MODULES = YES;
				CLANG_ENABLE_OBJC_ARC = YES;
				CLANG_ENABLE_OBJC_WEAK = YES;
				CLANG_WARN_BLOCK_CAPTURE_AUTORELEASING = YES;
				CLANG_WARN_BOOL_CONVERSION = YES;
				CLANG_WARN_COMMA = YES;
				CLANG_WARN_CONSTANT_CONVERSION = YES;
				CLANG_WARN_DEPRECATED_OBJC_IMPLEMENTATIONS = YES;
				CLANG_WARN_DIRECT_OBJC_ISA_USAGE = YES_ERROR;
				CLANG_WARN_DOCUMENTATION_COMMENTS = YES;
				CLANG_WARN_EMPTY_BODY = YES;
				CLANG_WARN_ENUM_CONVERSION = YES;
				CLANG_WARN_INFINITE_RECURSION = YES;
				CLANG_WARN_INT_CONVERSION = YES;
				CLANG_WARN_NON_LITERAL_NULL_CONVERSION = YES;
				CLANG_WARN_OBJC_IMPLICIT_RETAIN_SELF = YES;
				CLANG_WARN_OBJC_LITERAL_CONVERSION = YES;
				CLANG_WARN_OBJC_ROOT_CLASS = YES_ERROR;
				CLANG_WARN_QUOTED_INCLUDE_IN_FRAMEWORK_HEADER = YES;
				CLANG_WARN_RANGE_LOOP_ANALYSIS = YES;
				CLANG_WARN_STRICT_PROTOTYPES = YES;
				CLANG_WARN_SUSPICIOUS_MOVE = YES;
				CLANG_WARN_UNGUARDED_AVAILABILITY = YES_AGGRESSIVE;
				CLANG_WARN_UNREACHABLE_CODE = YES;
				CLANG_WARN__DUPLICATE_METHOD_MATCH = YES;
				COPY_PHASE_STRIP = NO;
				DEBUG_INFORMATION_FORMAT = "dwarf-with-dsym";
				ENABLE_NS_ASSERTIONS = NO;
				ENABLE_STRICT_OBJC_MSGSEND = YES;
				ENABLE_USER_SCRIPT_SANDBOXING = YES;
				GCC_C_LANGUAGE_STANDARD = gnu17;
				GCC_NO_COMMON_BLOCKS = YES;
				GCC_WARN_64_TO_32_BIT_CONVERSION = YES;
				GCC_WARN_ABOUT_RETURN_TYPE = YES_ERROR;
				GCC_WARN_UNDECLARED_SELECTOR = YES;
				GCC_WARN_UNINITIALIZED_AUTOS = YES_AGGRESSIVE;
				GCC_WARN_UNUSED_FUNCTION = YES;
				GCC_WARN_UNUSED_VARIABLE = YES;
				IPHONEOS_DEPLOYMENT_TARGET = 17.2;
				LOCALIZATION_PREFERS_STRING_CATALOGS = YES;
				MTL_ENABLE_DEBUG_INFO = NO;
				MTL_FAST_MATH = YES;
				SDKROOT = iphoneos;
				SWIFT_COMPILATION_MODE = wholemodule;
				VALIDATE_PRODUCT = YES;
			};
			name = Release;
		};
		72908D552B90CB7E0017D1D5 /* Debug */ = {
			isa = XCBuildConfiguration;
			buildSettings = {
				ASSETCATALOG_COMPILER_APPICON_NAME = AppIcon;
				ASSETCATALOG_COMPILER_GLOBAL_ACCENT_COLOR_NAME = AccentColor;
				CODE_SIGN_STYLE = Automatic;
				CURRENT_PROJECT_VERSION = 1;
				DEVELOPMENT_TEAM = 2VCHNMLR8N;
				GENERATE_INFOPLIST_FILE = YES;
				INFOPLIST_FILE = 4hw6/Info.plist;
				INFOPLIST_KEY_UIApplicationSupportsIndirectInputEvents = YES;
				INFOPLIST_KEY_UILaunchStoryboardName = LaunchScreen;
				INFOPLIST_KEY_UISupportedInterfaceOrientations_iPad = "UIInterfaceOrientationPortrait UIInterfaceOrientationPortraitUpsideDown UIInterfaceOrientationLandscapeLeft UIInterfaceOrientationLandscapeRight";
				INFOPLIST_KEY_UISupportedInterfaceOrientations_iPhone = "UIInterfaceOrientationPortrait UIInterfaceOrientationLandscapeLeft UIInterfaceOrientationLandscapeRight";
				LD_RUNPATH_SEARCH_PATHS = (
					"$(inherited)",
					"@executable_path/Frameworks",
				);
				MARKETING_VERSION = 1.0;
				PRODUCT_BUNDLE_IDENTIFIER = "com.telegey.-hw6";
				PRODUCT_NAME = "$(TARGET_NAME)";
				SWIFT_EMIT_LOC_STRINGS = YES;
				SWIFT_VERSION = 5.0;
				TARGETED_DEVICE_FAMILY = "1,2";
			};
			name = Debug;
		};
		72908D562B90CB7E0017D1D5 /* Release */ = {
			isa = XCBuildConfiguration;
			buildSettings = {
				ASSETCATALOG_COMPILER_APPICON_NAME = AppIcon;
				ASSETCATALOG_COMPILER_GLOBAL_ACCENT_COLOR_NAME = AccentColor;
				CODE_SIGN_STYLE = Automatic;
				CURRENT_PROJECT_VERSION = 1;
				DEVELOPMENT_TEAM = 2VCHNMLR8N;
				GENERATE_INFOPLIST_FILE = YES;
				INFOPLIST_FILE = 4hw6/Info.plist;
				INFOPLIST_KEY_UIApplicationSupportsIndirectInputEvents = YES;
				INFOPLIST_KEY_UILaunchStoryboardName = LaunchScreen;
				INFOPLIST_KEY_UISupportedInterfaceOrientations_iPad = "UIInterfaceOrientationPortrait UIInterfaceOrientationPortraitUpsideDown UIInterfaceOrientationLandscapeLeft UIInterfaceOrientationLandscapeRight";
				INFOPLIST_KEY_UISupportedInterfaceOrientations_iPhone = "UIInterfaceOrientationPortrait UIInterfaceOrientationLandscapeLeft UIInterfaceOrientationLandscapeRight";
				LD_RUNPATH_SEARCH_PATHS = (
					"$(inherited)",
					"@executable_path/Frameworks",
				);
				MARKETING_VERSION = 1.0;
				PRODUCT_BUNDLE_IDENTIFIER = "com.telegey.-hw6";
				PRODUCT_NAME = "$(TARGET_NAME)";
				SWIFT_EMIT_LOC_STRINGS = YES;
				SWIFT_VERSION = 5.0;
				TARGETED_DEVICE_FAMILY = "1,2";
			};
			name = Release;
		};
/* End XCBuildConfiguration section */

/* Begin XCConfigurationList section */
		72908D3B2B90CB790017D1D5 /* Build configuration list for PBXProject "4hw6" */ = {
			isa = XCConfigurationList;
			buildConfigurations = (
				72908D522B90CB7E0017D1D5 /* Debug */,
				72908D532B90CB7E0017D1D5 /* Release */,
			);
			defaultConfigurationIsVisible = 0;
			defaultConfigurationName = Release;
		};
		72908D542B90CB7E0017D1D5 /* Build configuration list for PBXNativeTarget "4hw6" */ = {
			isa = XCConfigurationList;
			buildConfigurations = (
				72908D552B90CB7E0017D1D5 /* Debug */,
				72908D562B90CB7E0017D1D5 /* Release */,
			);
			defaultConfigurationIsVisible = 0;
			defaultConfigurationName = Release;
		};
/* End XCConfigurationList section */
	};
	rootObject = 72908D382B90CB790017D1D5 /* Project object */;
}
